
Microsoft Visual Studio Solution File, Format Version 12.00
# Visual Studio Version 17
VisualStudioVersion = 17.0.32112.339
MinimumVisualStudioVersion = 10.0.40219.1
Project("{FAE04EC0-301F-11D3-BF4B-00C04F79EFBC}") = "Wordle_Test", "Wordle_Test.csproj", "{D016FC09-7874-4309-A510-1C052164889B}"
EndProject
Global
	GlobalSection(SolutionConfigurationPlatforms) = preSolution
		Debug|Any CPU = Debug|Any CPU
		Release|Any CPU = Release|Any CPU
	EndGlobalSection
	GlobalSection(ProjectConfigurationPlatforms) = postSolution
		{D016FC09-7874-4309-A510-1C052164889B}.Debug|Any CPU.ActiveCfg = Debug|Any CPU
		{D016FC09-7874-4309-A510-1C052164889B}.Debug|Any CPU.Build.0 = Debug|Any CPU
		{D016FC09-7874-4309-A510-1C052164889B}.Release|Any CPU.ActiveCfg = Release|Any CPU
		{D016FC09-7874-4309-A510-1C052164889B}.Release|Any CPU.Build.0 = Release|Any CPU
	EndGlobalSection
	GlobalSection(SolutionProperties) = preSolution
		HideSolutionNode = FALSE
	EndGlobalSection
	GlobalSection(ExtensibilityGlobals) = postSolution
		SolutionGuid = {07373178-D679-451F-96F8-1ECF7F89DA25}
	EndGlobalSection
EndGlobal
